
Microsoft Visual Studio Solution File, Format Version 12.00
# Visual Studio Version 16
VisualStudioVersion = 16.0.31205.134
MinimumVisualStudioVersion = 10.0.40219.1
Project("{FAE04EC0-301F-11D3-BF4B-00C04F79EFBC}") = "Ricot_Calculator Design", "Ricot_Calculator Design\Ricot_Calculator Design.csproj", "{BAE908D6-B9D1-4FEE-9E91-0A9DC129F162}"
EndProject
Global
	GlobalSection(SolutionConfigurationPlatforms) = preSolution
		Debug|Any CPU = Debug|Any CPU
		Release|Any CPU = Release|Any CPU
	EndGlobalSection
	GlobalSection(ProjectConfigurationPlatforms) = postSolution
		{BAE908D6-B9D1-4FEE-9E91-0A9DC129F162}.Debug|Any CPU.ActiveCfg = Debug|Any CPU
		{BAE908D6-B9D1-4FEE-9E91-0A9DC129F162}.Debug|Any CPU.Build.0 = Debug|Any CPU
		{BAE908D6-B9D1-4FEE-9E91-0A9DC129F162}.Release|Any CPU.ActiveCfg = Release|Any CPU
		{BAE908D6-B9D1-4FEE-9E91-0A9DC129F162}.Release|Any CPU.Build.0 = Release|Any CPU
	EndGlobalSection
	GlobalSection(SolutionProperties) = preSolution
		HideSolutionNode = FALSE
	EndGlobalSection
	GlobalSection(ExtensibilityGlobals) = postSolution
		SolutionGuid = {827ACA1A-C9C6-4BF6-ABB6-EA1025BB28B8}
	EndGlobalSection
EndGlobal
